
Microsoft Visual Studio Solution File, Format Version 12.00
# Visual Studio Version 16
VisualStudioVersion = 16.0.810.14
MinimumVisualStudioVersion = 10.0.40219.1
Project("{FAE04EC0-301F-11D3-BF4B-00C04F79EFBC}") = "Unifiedban.Models", "Unifiedban.Models.csproj", "{591D5CF4-4249-4AC8-86B8-AC48C2CB710A}"
EndProject
Global
	GlobalSection(SolutionConfigurationPlatforms) = preSolution
		Debug|Any CPU = Debug|Any CPU
		Release|Any CPU = Release|Any CPU
	EndGlobalSection
	GlobalSection(ProjectConfigurationPlatforms) = postSolution
		{591D5CF4-4249-4AC8-86B8-AC48C2CB710A}.Debug|Any CPU.ActiveCfg = Debug|Any CPU
		{591D5CF4-4249-4AC8-86B8-AC48C2CB710A}.Debug|Any CPU.Build.0 = Debug|Any CPU
		{591D5CF4-4249-4AC8-86B8-AC48C2CB710A}.Release|Any CPU.ActiveCfg = Release|Any CPU
		{591D5CF4-4249-4AC8-86B8-AC48C2CB710A}.Release|Any CPU.Build.0 = Release|Any CPU
	EndGlobalSection
	GlobalSection(SolutionProperties) = preSolution
		HideSolutionNode = FALSE
	EndGlobalSection
	GlobalSection(ExtensibilityGlobals) = postSolution
		SolutionGuid = {4C5316BB-460F-40D2-A792-0E6EBE6F9F5B}
	EndGlobalSection
EndGlobal
